
Microsoft Visual Studio Solution File, Format Version 12.00
# Visual Studio Version 16
VisualStudioVersion = 16.0.30517.126
MinimumVisualStudioVersion = 10.0.40219.1
Project("{8BC9CEB8-8B4A-11D0-8D11-00A0C91BC942}") = "CPP Project", "CPP Project\CPP Project.vcxproj", "{2C05B8DC-3F26-475C-917F-BF8E228939A2}"
EndProject
Project("{8BC9CEB8-8B4A-11D0-8D11-00A0C91BC942}") = "GS2-1 vari1-10", "GS2-1 vari1-10\GS2-1 vari1-10.vcxproj", "{71F5997A-68FD-40C6-A4FD-F675583B4F77}"
EndProject
Project("{8BC9CEB8-8B4A-11D0-8D11-00A0C91BC942}") = "GS2-2", "GS2-2\GS2-2.vcxproj", "{9F16474F-B218-4535-AE85-111C796B5C37}"
EndProject
Project("{8BC9CEB8-8B4A-11D0-8D11-00A0C91BC942}") = "GS2-4", "GS2-4\GS2-4.vcxproj", "{F8E6205D-3E0C-4DF2-9B44-B8DAD35BB5F3}"
EndProject
Project("{8BC9CEB8-8B4A-11D0-8D11-00A0C91BC942}") = "GS2-5", "GS2-5\GS2-5.vcxproj", "{D8685214-41DF-482E-85D6-0E037B582B62}"
EndProject
Project("{8BC9CEB8-8B4A-11D0-8D11-00A0C91BC942}") = "GS2-6", "GS2-6\GS2-6.vcxproj", "{97DD2F7F-048F-4872-8E19-4774E4C40282}"
EndProject
Project("{8BC9CEB8-8B4A-11D0-8D11-00A0C91BC942}") = "GS2-4 fixed", "GS2-4 fixed\GS2-4 fixed.vcxproj", "{1659DE54-FC47-441E-8D0D-770269F63CB3}"
EndProject
Project("{8BC9CEB8-8B4A-11D0-8D11-00A0C91BC942}") = "GS2-3", "GS2-3\GS2-3.vcxproj", "{6001C5D9-026D-4381-B153-48ED3625F96A}"
EndProject
Project("{8BC9CEB8-8B4A-11D0-8D11-00A0C91BC942}") = "GS3-1", "GS3-1\GS3-1.vcxproj", "{563B767E-6C21-4C17-BEC3-EF2D5C91C782}"
EndProject
Project("{8BC9CEB8-8B4A-11D0-8D11-00A0C91BC942}") = "RPG", "RPG\RPG.vcxproj", "{6B6C7346-153A-48D1-B89B-7EF78105BDF9}"
EndProject
Project("{8BC9CEB8-8B4A-11D0-8D11-00A0C91BC942}") = "GS3-2", "GS3-2\GS3-2.vcxproj", "{D6AE58D4-7F28-44FC-998C-8529A412C3E1}"
EndProject
Global
	GlobalSection(SolutionConfigurationPlatforms) = preSolution
		Debug|x64 = Debug|x64
		Debug|x86 = Debug|x86
		Release|x64 = Release|x64
		Release|x86 = Release|x86
	EndGlobalSection
	GlobalSection(ProjectConfigurationPlatforms) = postSolution
		{2C05B8DC-3F26-475C-917F-BF8E228939A2}.Debug|x64.ActiveCfg = Debug|x64
		{2C05B8DC-3F26-475C-917F-BF8E228939A2}.Debug|x64.Build.0 = Debug|x64
		{2C05B8DC-3F26-475C-917F-BF8E228939A2}.Debug|x86.ActiveCfg = Debug|Win32
		{2C05B8DC-3F26-475C-917F-BF8E228939A2}.Debug|x86.Build.0 = Debug|Win32
		{2C05B8DC-3F26-475C-917F-BF8E228939A2}.Release|x64.ActiveCfg = Release|x64
		{2C05B8DC-3F26-475C-917F-BF8E228939A2}.Release|x64.Build.0 = Release|x64
		{2C05B8DC-3F26-475C-917F-BF8E228939A2}.Release|x86.ActiveCfg = Release|Win32
		{2C05B8DC-3F26-475C-917F-BF8E228939A2}.Release|x86.Build.0 = Release|Win32
		{71F5997A-68FD-40C6-A4FD-F675583B4F77}.Debug|x64.ActiveCfg = Debug|x64
		{71F5997A-68FD-40C6-A4FD-F675583B4F77}.Debug|x64.Build.0 = Debug|x64
		{71F5997A-68FD-40C6-A4FD-F675583B4F77}.Debug|x86.ActiveCfg = Debug|Win32
		{71F5997A-68FD-40C6-A4FD-F675583B4F77}.Debug|x86.Build.0 = Debug|Win32
		{71F5997A-68FD-40C6-A4FD-F675583B4F77}.Release|x64.ActiveCfg = Release|x64
		{71F5997A-68FD-40C6-A4FD-F675583B4F77}.Release|x64.Build.0 = Release|x64
		{71F5997A-68FD-40C6-A4FD-F675583B4F77}.Release|x86.ActiveCfg = Release|Win32
		{71F5997A-68FD-40C6-A4FD-F675583B4F77}.Release|x86.Build.0 = Release|Win32
		{9F16474F-B218-4535-AE85-111C796B5C37}.Debug|x64.ActiveCfg = Debug|x64
		{9F16474F-B218-4535-AE85-111C796B5C37}.Debug|x64.Build.0 = Debug|x64
		{9F16474F-B218-4535-AE85-111C796B5C37}.Debug|x86.ActiveCfg = Debug|Win32
		{9F16474F-B218-4535-AE85-111C796B5C37}.Debug|x86.Build.0 = Debug|Win32
		{9F16474F-B218-4535-AE85-111C796B5C37}.Release|x64.ActiveCfg = Release|x64
		{9F16474F-B218-4535-AE85-111C796B5C37}.Release|x64.Build.0 = Release|x64
		{9F16474F-B218-4535-AE85-111C796B5C37}.Release|x86.ActiveCfg = Release|Win32
		{9F16474F-B218-4535-AE85-111C796B5C37}.Release|x86.Build.0 = Release|Win32
		{F8E6205D-3E0C-4DF2-9B44-B8DAD35BB5F3}.Debug|x64.ActiveCfg = Debug|x64
		{F8E6205D-3E0C-4DF2-9B44-B8DAD35BB5F3}.Debug|x64.Build.0 = Debug|x64
		{F8E6205D-3E0C-4DF2-9B44-B8DAD35BB5F3}.Debug|x86.ActiveCfg = Debug|Win32
		{F8E6205D-3E0C-4DF2-9B44-B8DAD35BB5F3}.Debug|x86.Build.0 = Debug|Win32
		{F8E6205D-3E0C-4DF2-9B44-B8DAD35BB5F3}.Release|x64.ActiveCfg = Release|x64
		{F8E6205D-3E0C-4DF2-9B44-B8DAD35BB5F3}.Release|x64.Build.0 = Release|x64
		{F8E6205D-3E0C-4DF2-9B44-B8DAD35BB5F3}.Release|x86.ActiveCfg = Release|Win32
		{F8E6205D-3E0C-4DF2-9B44-B8DAD35BB5F3}.Release|x86.Build.0 = Release|Win32
		{D8685214-41DF-482E-85D6-0E037B582B62}.Debug|x64.ActiveCfg = Debug|x64
		{D8685214-41DF-482E-85D6-0E037B582B62}.Debug|x64.Build.0 = Debug|x64
		{D8685214-41DF-482E-85D6-0E037B582B62}.Debug|x86.ActiveCfg = Debug|Win32
		{D8685214-41DF-482E-85D6-0E037B582B62}.Debug|x86.Build.0 = Debug|Win32
		{D8685214-41DF-482E-85D6-0E037B582B62}.Release|x64.ActiveCfg = Release|x64
		{D8685214-41DF-482E-85D6-0E037B582B62}.Release|x64.Build.0 = Release|x64
		{D8685214-41DF-482E-85D6-0E037B582B62}.Release|x86.ActiveCfg = Release|Win32
		{D8685214-41DF-482E-85D6-0E037B582B62}.Release|x86.Build.0 = Release|Win32
		{97DD2F7F-048F-4872-8E19-4774E4C40282}.Debug|x64.ActiveCfg = Debug|x64
		{97DD2F7F-048F-4872-8E19-4774E4C40282}.Debug|x64.Build.0 = Debug|x64
		{97DD2F7F-048F-4872-8E19-4774E4C40282}.Debug|x86.ActiveCfg = Debug|Win32
		{97DD2F7F-048F-4872-8E19-4774E4C40282}.Debug|x86.Build.0 = Debug|Win32
		{97DD2F7F-048F-4872-8E19-4774E4C40282}.Release|x64.ActiveCfg = Release|x64
		{97DD2F7F-048F-4872-8E19-4774E4C40282}.Release|x64.Build.0 = Release|x64
		{97DD2F7F-048F-4872-8E19-4774E4C40282}.Release|x86.ActiveCfg = Release|Win32
		{97DD2F7F-048F-4872-8E19-4774E4C40282}.Release|x86.Build.0 = Release|Win32
		{1659DE54-FC47-441E-8D0D-770269F63CB3}.Debug|x64.ActiveCfg = Debug|x64
		{1659DE54-FC47-441E-8D0D-770269F63CB3}.Debug|x64.Build.0 = Debug|x64
		{1659DE54-FC47-441E-8D0D-770269F63CB3}.Debug|x86.ActiveCfg = Debug|Win32
		{1659DE54-FC47-441E-8D0D-770269F63CB3}.Debug|x86.Build.0 = Debug|Win32
		{1659DE54-FC47-441E-8D0D-770269F63CB3}.Release|x64.ActiveCfg = Release|x64
		{1659DE54-FC47-441E-8D0D-770269F63CB3}.Release|x64.Build.0 = Release|x64
		{1659DE54-FC47-441E-8D0D-770269F63CB3}.Release|x86.ActiveCfg = Release|Win32
		{1659DE54-FC47-441E-8D0D-770269F63CB3}.Release|x86.Build.0 = Release|Win32
		{6001C5D9-026D-4381-B153-48ED3625F96A}.Debug|x64.ActiveCfg = Debug|x64
		{6001C5D9-026D-4381-B153-48ED3625F96A}.Debug|x64.Build.0 = Debug|x64
		{6001C5D9-026D-4381-B153-48ED3625F96A}.Debug|x86.ActiveCfg = Debug|Win32
		{6001C5D9-026D-4381-B153-48ED3625F96A}.Debug|x86.Build.0 = Debug|Win32
		{6001C5D9-026D-4381-B153-48ED3625F96A}.Release|x64.ActiveCfg = Release|x64
		{6001C5D9-026D-4381-B153-48ED3625F96A}.Release|x64.Build.0 = Release|x64
		{6001C5D9-026D-4381-B153-48ED3625F96A}.Release|x86.ActiveCfg = Release|Win32
		{6001C5D9-026D-4381-B153-48ED3625F96A}.Release|x86.Build.0 = Release|Win32
		{563B767E-6C21-4C17-BEC3-EF2D5C91C782}.Debug|x64.ActiveCfg = Debug|x64
		{563B767E-6C21-4C17-BEC3-EF2D5C91C782}.Debug|x64.Build.0 = Debug|x64
		{563B767E-6C21-4C17-BEC3-EF2D5C91C782}.Debug|x86.ActiveCfg = Debug|Win32
		{563B767E-6C21-4C17-BEC3-EF2D5C91C782}.Debug|x86.Build.0 = Debug|Win32
		{563B767E-6C21-4C17-BEC3-EF2D5C91C782}.Release|x64.ActiveCfg = Release|x64
		{563B767E-6C21-4C17-BEC3-EF2D5C91C782}.Release|x64.Build.0 = Release|x64
		{563B767E-6C21-4C17-BEC3-EF2D5C91C782}.Release|x86.ActiveCfg = Release|Win32
		{563B767E-6C21-4C17-BEC3-EF2D5C91C782}.Release|x86.Build.0 = Release|Win32
		{6B6C7346-153A-48D1-B89B-7EF78105BDF9}.Debug|x64.ActiveCfg = Debug|x64
		{6B6C7346-153A-48D1-B89B-7EF78105BDF9}.Debug|x64.Build.0 = Debug|x64
		{6B6C7346-153A-48D1-B89B-7EF78105BDF9}.Debug|x86.ActiveCfg = Debug|Win32
		{6B6C7346-153A-48D1-B89B-7EF78105BDF9}.Debug|x86.Build.0 = Debug|Win32
		{6B6C7346-153A-48D1-B89B-7EF78105BDF9}.Release|x64.ActiveCfg = Release|x64
		{6B6C7346-153A-48D1-B89B-7EF78105BDF9}.Release|x64.Build.0 = Release|x64
		{6B6C7346-153A-48D1-B89B-7EF78105BDF9}.Release|x86.ActiveCfg = Release|Win32
		{6B6C7346-153A-48D1-B89B-7EF78105BDF9}.Release|x86.Build.0 = Release|Win32
		{D6AE58D4-7F28-44FC-998C-8529A412C3E1}.Debug|x64.ActiveCfg = Debug|x64
		{D6AE58D4-7F28-44FC-998C-8529A412C3E1}.Debug|x64.Build.0 = Debug|x64
		{D6AE58D4-7F28-44FC-998C-8529A412C3E1}.Debug|x86.ActiveCfg = Debug|Win32
		{D6AE58D4-7F28-44FC-998C-8529A412C3E1}.Debug|x86.Build.0 = Debug|Win32
		{D6AE58D4-7F28-44FC-998C-8529A412C3E1}.Release|x64.ActiveCfg = Release|x64
		{D6AE58D4-7F28-44FC-998C-8529A412C3E1}.Release|x64.Build.0 = Release|x64
		{D6AE58D4-7F28-44FC-998C-8529A412C3E1}.Release|x86.ActiveCfg = Release|Win32
		{D6AE58D4-7F28-44FC-998C-8529A412C3E1}.Release|x86.Build.0 = Release|Win32
	EndGlobalSection
	GlobalSection(SolutionProperties) = preSolution
		HideSolutionNode = FALSE
	EndGlobalSection
	GlobalSection(ExtensibilityGlobals) = postSolution
		SolutionGuid = {620517AC-B9E7-41B8-97A5-9369F09B4B3D}
	EndGlobalSection
EndGlobal
